<?xml version="1.0" encoding="utf-8"?>
<Project ToolsVersion="4.0" xmlns="http://schemas.microsoft.com/developer/msbuild/2003">
  <ItemGroup>
    <ClCompile Include="EpochTimeUnitTest.cpp">
      <Filter>Source Files</Filter>
    </ClCompile>
    <ClCompile Include="FileDataAccessUnitTest.cpp">
      <Filter>Source Files</Filter>
    </ClCompile>
    <ClCompile Include="ModelStructsUnitTest.cpp">
      <Filter>Source Files</Filter>
    </ClCompile>
    <ClCompile Include="pch.cpp">
      <Filter>Header Files</Filter>
    </ClCompile>
    <ClCompile Include="test.cpp">
      <Filter>Source Files</Filter>
    </ClCompile>
    <ClCompile Include="..\packages\gmock.1.11.0\lib\native\src\gtest\src\gtest_main.cc">
      <Filter>Resource Files</Filter>
    </ClCompile>
    <ClCompile Include="CompositeRenderableUnitTest.cpp">
      <Filter>Source Files\IRenderable</Filter>
    </ClCompile>
    <ClCompile Include="PolygonMeshUnitTest.cpp">
      <Filter>Source Files\IRenderable</Filter>
    </ClCompile>
    <ClCompile Include="PolyLineUnitTest.cpp">
      <Filter>Source Files\IRenderable</Filter>
    </ClCompile>
    <ClCompile Include="CameraUnitTest.cpp">
      <Filter>Source Files</Filter>
    </ClCompile>
    <ClCompile Include="CameraPositionerUnitTest.cpp">
      <Filter>Source Files</Filter>
    </ClCompile>
    <ClCompile Include="CameraTrajectoryUnitTest.cpp">
      <Filter>Source Files</Filter>
    </ClCompile>
    <ClCompile Include="IInterpolationUnitTest.cpp">
      <Filter>Source Files</Filter>
    </ClCompile>
    <ClCompile Include="LightTest.cpp">
      <Filter>Source Files</Filter>
    </ClCompile>
    <ClCompile Include="TerrainModelTest.cpp">
      <Filter>Source Files</Filter>
    </ClCompile>
  </ItemGroup>
  <ItemGroup>
    <Filter Include="Header Files">
      <UniqueIdentifier>{aeb9290b-a19a-47d0-b646-d827ca535018}</UniqueIdentifier>
    </Filter>
    <Filter Include="Source Files">
      <UniqueIdentifier>{0365b5e8-282b-48c5-bfa9-b34a21a5435e}</UniqueIdentifier>
    </Filter>
    <Filter Include="Resource Files">
      <UniqueIdentifier>{a2a8d2b1-3bfc-439f-bd46-24c18150c2ac}</UniqueIdentifier>
    </Filter>
    <Filter Include="Source Files\IRenderable">
      <UniqueIdentifier>{2ddbe184-6b13-4f64-a425-fb21801a781b}</UniqueIdentifier>
    </Filter>
  </ItemGroup>
  <ItemGroup>
    <ClInclude Include="pch.h">
      <Filter>Header Files</Filter>
    </ClInclude>
    <ClInclude Include="Mocks.h">
      <Filter>Header Files</Filter>
    </ClInclude>
  </ItemGroup>
</Project>